
Microsoft Visual Studio Solution File, Format Version 12.00
# Visual Studio Version 17
VisualStudioVersion = 17.0.32126.317
MinimumVisualStudioVersion = 10.0.40219.1
Project("{FAE04EC0-301F-11D3-BF4B-00C04F79EFBC}") = "ConsoleAppDay16", "ConsoleAppDay16\ConsoleAppDay16.csproj", "{5AC739B8-1081-4D27-948A-CC5295A8BABB}"
EndProject
Project("{FAE04EC0-301F-11D3-BF4B-00C04F79EFBC}") = "DIProject", "..\DIProject\DIProject.csproj", "{DC4C4E7B-1B87-4FC9-B64F-CB8791931462}"
EndProject
Project("{FAE04EC0-301F-11D3-BF4B-00C04F79EFBC}") = "DI_With_Unity", "..\DI_With_Unity\DI_With_Unity.csproj", "{28B92375-F001-4AB1-9D41-E268593E9B10}"
EndProject
Global
	GlobalSection(SolutionConfigurationPlatforms) = preSolution
		Debug|Any CPU = Debug|Any CPU
		Release|Any CPU = Release|Any CPU
	EndGlobalSection
	GlobalSection(ProjectConfigurationPlatforms) = postSolution
		{5AC739B8-1081-4D27-948A-CC5295A8BABB}.Debug|Any CPU.ActiveCfg = Debug|Any CPU
		{5AC739B8-1081-4D27-948A-CC5295A8BABB}.Debug|Any CPU.Build.0 = Debug|Any CPU
		{5AC739B8-1081-4D27-948A-CC5295A8BABB}.Release|Any CPU.ActiveCfg = Release|Any CPU
		{5AC739B8-1081-4D27-948A-CC5295A8BABB}.Release|Any CPU.Build.0 = Release|Any CPU
		{DC4C4E7B-1B87-4FC9-B64F-CB8791931462}.Debug|Any CPU.ActiveCfg = Debug|Any CPU
		{DC4C4E7B-1B87-4FC9-B64F-CB8791931462}.Debug|Any CPU.Build.0 = Debug|Any CPU
		{DC4C4E7B-1B87-4FC9-B64F-CB8791931462}.Release|Any CPU.ActiveCfg = Release|Any CPU
		{DC4C4E7B-1B87-4FC9-B64F-CB8791931462}.Release|Any CPU.Build.0 = Release|Any CPU
		{28B92375-F001-4AB1-9D41-E268593E9B10}.Debug|Any CPU.ActiveCfg = Debug|Any CPU
		{28B92375-F001-4AB1-9D41-E268593E9B10}.Debug|Any CPU.Build.0 = Debug|Any CPU
		{28B92375-F001-4AB1-9D41-E268593E9B10}.Release|Any CPU.ActiveCfg = Release|Any CPU
		{28B92375-F001-4AB1-9D41-E268593E9B10}.Release|Any CPU.Build.0 = Release|Any CPU
	EndGlobalSection
	GlobalSection(SolutionProperties) = preSolution
		HideSolutionNode = FALSE
	EndGlobalSection
	GlobalSection(ExtensibilityGlobals) = postSolution
		SolutionGuid = {04F9D024-45E8-40C3-A19C-138C76597989}
	EndGlobalSection
EndGlobal
