
Microsoft Visual Studio Solution File, Format Version 12.00
# Visual Studio Version 16
VisualStudioVersion = 16.0.32413.511
MinimumVisualStudioVersion = 10.0.40219.1
Project("{FAE04EC0-301F-11D3-BF4B-00C04F79EFBC}") = "Day4Custom_Helpers", "Day4Custom_Helpers\Day4Custom_Helpers.csproj", "{EFE263D7-770F-486D-A1CE-9B7D4ECA9625}"
EndProject
Global
	GlobalSection(SolutionConfigurationPlatforms) = preSolution
		Debug|Any CPU = Debug|Any CPU
		Release|Any CPU = Release|Any CPU
	EndGlobalSection
	GlobalSection(ProjectConfigurationPlatforms) = postSolution
		{EFE263D7-770F-486D-A1CE-9B7D4ECA9625}.Debug|Any CPU.ActiveCfg = Debug|Any CPU
		{EFE263D7-770F-486D-A1CE-9B7D4ECA9625}.Debug|Any CPU.Build.0 = Debug|Any CPU
		{EFE263D7-770F-486D-A1CE-9B7D4ECA9625}.Release|Any CPU.ActiveCfg = Release|Any CPU
		{EFE263D7-770F-486D-A1CE-9B7D4ECA9625}.Release|Any CPU.Build.0 = Release|Any CPU
	EndGlobalSection
	GlobalSection(SolutionProperties) = preSolution
		HideSolutionNode = FALSE
	EndGlobalSection
	GlobalSection(ExtensibilityGlobals) = postSolution
		SolutionGuid = {BBB2BE62-785C-44DE-BD64-92553DEC7CDA}
	EndGlobalSection
EndGlobal
