
Microsoft Visual Studio Solution File, Format Version 12.00
# Visual Studio Version 17
VisualStudioVersion = 17.0.32126.317
MinimumVisualStudioVersion = 10.0.40219.1
Project("{FAE04EC0-301F-11D3-BF4B-00C04F79EFBC}") = "Day9_Handson", "Day9_Handson\Day9_Handson.csproj", "{B3A3B996-9D17-49ED-BA66-AAA409AAB77F}"
EndProject
Global
	GlobalSection(SolutionConfigurationPlatforms) = preSolution
		Debug|Any CPU = Debug|Any CPU
		Release|Any CPU = Release|Any CPU
	EndGlobalSection
	GlobalSection(ProjectConfigurationPlatforms) = postSolution
		{B3A3B996-9D17-49ED-BA66-AAA409AAB77F}.Debug|Any CPU.ActiveCfg = Debug|Any CPU
		{B3A3B996-9D17-49ED-BA66-AAA409AAB77F}.Debug|Any CPU.Build.0 = Debug|Any CPU
		{B3A3B996-9D17-49ED-BA66-AAA409AAB77F}.Release|Any CPU.ActiveCfg = Release|Any CPU
		{B3A3B996-9D17-49ED-BA66-AAA409AAB77F}.Release|Any CPU.Build.0 = Release|Any CPU
	EndGlobalSection
	GlobalSection(SolutionProperties) = preSolution
		HideSolutionNode = FALSE
	EndGlobalSection
	GlobalSection(ExtensibilityGlobals) = postSolution
		SolutionGuid = {2727B4FA-70B7-4A48-BFFC-A48DF88BFBA2}
	EndGlobalSection
EndGlobal
