
Microsoft Visual Studio Solution File, Format Version 12.00
# Visual Studio Version 17
VisualStudioVersion = 17.0.32126.317
MinimumVisualStudioVersion = 10.0.40219.1
Project("{FAE04EC0-301F-11D3-BF4B-00C04F79EFBC}") = "ViewBag_Practice", "ViewBag_Practice\ViewBag_Practice.csproj", "{3856A547-457D-4509-A6B5-7E8757A231F7}"
EndProject
Global
	GlobalSection(SolutionConfigurationPlatforms) = preSolution
		Debug|Any CPU = Debug|Any CPU
		Release|Any CPU = Release|Any CPU
	EndGlobalSection
	GlobalSection(ProjectConfigurationPlatforms) = postSolution
		{3856A547-457D-4509-A6B5-7E8757A231F7}.Debug|Any CPU.ActiveCfg = Debug|Any CPU
		{3856A547-457D-4509-A6B5-7E8757A231F7}.Debug|Any CPU.Build.0 = Debug|Any CPU
		{3856A547-457D-4509-A6B5-7E8757A231F7}.Release|Any CPU.ActiveCfg = Release|Any CPU
		{3856A547-457D-4509-A6B5-7E8757A231F7}.Release|Any CPU.Build.0 = Release|Any CPU
	EndGlobalSection
	GlobalSection(SolutionProperties) = preSolution
		HideSolutionNode = FALSE
	EndGlobalSection
	GlobalSection(ExtensibilityGlobals) = postSolution
		SolutionGuid = {E3B4AAF0-3636-4961-B2E3-32D24D1F8A1E}
	EndGlobalSection
EndGlobal
