
Microsoft Visual Studio Solution File, Format Version 12.00
# Visual Studio Version 17
VisualStudioVersion = 17.0.32126.317
MinimumVisualStudioVersion = 10.0.40219.1
Project("{FAE04EC0-301F-11D3-BF4B-00C04F79EFBC}") = "AzureDemoWebApplication", "AzureDemoWebApplication\AzureDemoWebApplication.csproj", "{5C5C6006-5711-40C1-A459-1A14AB76BFF0}"
EndProject
Global
	GlobalSection(SolutionConfigurationPlatforms) = preSolution
		Debug|Any CPU = Debug|Any CPU
		Release|Any CPU = Release|Any CPU
	EndGlobalSection
	GlobalSection(ProjectConfigurationPlatforms) = postSolution
		{5C5C6006-5711-40C1-A459-1A14AB76BFF0}.Debug|Any CPU.ActiveCfg = Debug|Any CPU
		{5C5C6006-5711-40C1-A459-1A14AB76BFF0}.Debug|Any CPU.Build.0 = Debug|Any CPU
		{5C5C6006-5711-40C1-A459-1A14AB76BFF0}.Release|Any CPU.ActiveCfg = Release|Any CPU
		{5C5C6006-5711-40C1-A459-1A14AB76BFF0}.Release|Any CPU.Build.0 = Release|Any CPU
	EndGlobalSection
	GlobalSection(SolutionProperties) = preSolution
		HideSolutionNode = FALSE
	EndGlobalSection
	GlobalSection(ExtensibilityGlobals) = postSolution
		SolutionGuid = {15E51629-931B-4C85-9473-174203EB8784}
	EndGlobalSection
EndGlobal
