
Microsoft Visual Studio Solution File, Format Version 12.00
# Visual Studio Version 17
VisualStudioVersion = 17.0.32126.317
MinimumVisualStudioVersion = 10.0.40219.1
Project("{FAE04EC0-301F-11D3-BF4B-00C04F79EFBC}") = "BootstrapExamples", "BootstrapExamples\BootstrapExamples.csproj", "{CDD1C6BD-3798-48BA-A70C-9C9B02489854}"
EndProject
Project("{2150E333-8FDC-42A3-9474-1A3956D46DE8}") = "Solution Items", "Solution Items", "{7B73460C-E8B4-4AF4-B172-6EB4EE582E6A}"
	ProjectSection(SolutionItems) = preProject
		BootstrapForms.html = BootstrapForms.html
		Carousels.html = Carousels.html
		Components.html = Components.html
		Grid.html = Grid.html
	EndProjectSection
EndProject
Global
	GlobalSection(SolutionConfigurationPlatforms) = preSolution
		Debug|Any CPU = Debug|Any CPU
		Release|Any CPU = Release|Any CPU
	EndGlobalSection
	GlobalSection(ProjectConfigurationPlatforms) = postSolution
		{CDD1C6BD-3798-48BA-A70C-9C9B02489854}.Debug|Any CPU.ActiveCfg = Debug|Any CPU
		{CDD1C6BD-3798-48BA-A70C-9C9B02489854}.Debug|Any CPU.Build.0 = Debug|Any CPU
		{CDD1C6BD-3798-48BA-A70C-9C9B02489854}.Release|Any CPU.ActiveCfg = Release|Any CPU
		{CDD1C6BD-3798-48BA-A70C-9C9B02489854}.Release|Any CPU.Build.0 = Release|Any CPU
	EndGlobalSection
	GlobalSection(SolutionProperties) = preSolution
		HideSolutionNode = FALSE
	EndGlobalSection
	GlobalSection(ExtensibilityGlobals) = postSolution
		SolutionGuid = {4388D923-E5EA-4DBD-ACDB-D29B8F0BB690}
	EndGlobalSection
EndGlobal
