
Microsoft Visual Studio Solution File, Format Version 12.00
# Visual Studio Version 17
VisualStudioVersion = 17.0.32126.317
MinimumVisualStudioVersion = 10.0.40219.1
Project("{FAE04EC0-301F-11D3-BF4B-00C04F79EFBC}") = "ConsoleAppDay11", "ConsoleAppDay11\ConsoleAppDay11.csproj", "{5F3A6F12-83B6-42CA-8DA5-37E2F3E44EBC}"
EndProject
Global
	GlobalSection(SolutionConfigurationPlatforms) = preSolution
		Debug|Any CPU = Debug|Any CPU
		Release|Any CPU = Release|Any CPU
	EndGlobalSection
	GlobalSection(ProjectConfigurationPlatforms) = postSolution
		{5F3A6F12-83B6-42CA-8DA5-37E2F3E44EBC}.Debug|Any CPU.ActiveCfg = Debug|Any CPU
		{5F3A6F12-83B6-42CA-8DA5-37E2F3E44EBC}.Debug|Any CPU.Build.0 = Debug|Any CPU
		{5F3A6F12-83B6-42CA-8DA5-37E2F3E44EBC}.Release|Any CPU.ActiveCfg = Release|Any CPU
		{5F3A6F12-83B6-42CA-8DA5-37E2F3E44EBC}.Release|Any CPU.Build.0 = Release|Any CPU
	EndGlobalSection
	GlobalSection(SolutionProperties) = preSolution
		HideSolutionNode = FALSE
	EndGlobalSection
	GlobalSection(ExtensibilityGlobals) = postSolution
		SolutionGuid = {E8E12329-0072-4B9F-8DF0-92BE352FCA71}
	EndGlobalSection
EndGlobal
