
Microsoft Visual Studio Solution File, Format Version 12.00
# Visual Studio Version 17
VisualStudioVersion = 17.0.32126.317
MinimumVisualStudioVersion = 10.0.40219.1
Project("{FAE04EC0-301F-11D3-BF4B-00C04F79EFBC}") = "Day7_HandsOn", "Day7_HandsOn\Day7_HandsOn.csproj", "{1C1AAEAF-FBD6-4482-A95D-48F108504FDB}"
EndProject
Global
	GlobalSection(SolutionConfigurationPlatforms) = preSolution
		Debug|Any CPU = Debug|Any CPU
		Release|Any CPU = Release|Any CPU
	EndGlobalSection
	GlobalSection(ProjectConfigurationPlatforms) = postSolution
		{1C1AAEAF-FBD6-4482-A95D-48F108504FDB}.Debug|Any CPU.ActiveCfg = Debug|Any CPU
		{1C1AAEAF-FBD6-4482-A95D-48F108504FDB}.Debug|Any CPU.Build.0 = Debug|Any CPU
		{1C1AAEAF-FBD6-4482-A95D-48F108504FDB}.Release|Any CPU.ActiveCfg = Release|Any CPU
		{1C1AAEAF-FBD6-4482-A95D-48F108504FDB}.Release|Any CPU.Build.0 = Release|Any CPU
	EndGlobalSection
	GlobalSection(SolutionProperties) = preSolution
		HideSolutionNode = FALSE
	EndGlobalSection
	GlobalSection(ExtensibilityGlobals) = postSolution
		SolutionGuid = {4F864666-BBEC-4834-92EA-CDE823C4B14A}
	EndGlobalSection
EndGlobal
