
Microsoft Visual Studio Solution File, Format Version 12.00
# Visual Studio Version 17
VisualStudioVersion = 17.0.32126.317
MinimumVisualStudioVersion = 10.0.40219.1
Project("{FAE04EC0-301F-11D3-BF4B-00C04F79EFBC}") = "Day7_WebApi_HandsOn", "Day7_WebApi_HandsOn\Day7_WebApi_HandsOn.csproj", "{032C7F77-F1E8-4897-88B1-998D095FD30C}"
EndProject
Global
	GlobalSection(SolutionConfigurationPlatforms) = preSolution
		Debug|Any CPU = Debug|Any CPU
		Release|Any CPU = Release|Any CPU
	EndGlobalSection
	GlobalSection(ProjectConfigurationPlatforms) = postSolution
		{032C7F77-F1E8-4897-88B1-998D095FD30C}.Debug|Any CPU.ActiveCfg = Debug|Any CPU
		{032C7F77-F1E8-4897-88B1-998D095FD30C}.Debug|Any CPU.Build.0 = Debug|Any CPU
		{032C7F77-F1E8-4897-88B1-998D095FD30C}.Release|Any CPU.ActiveCfg = Release|Any CPU
		{032C7F77-F1E8-4897-88B1-998D095FD30C}.Release|Any CPU.Build.0 = Release|Any CPU
	EndGlobalSection
	GlobalSection(SolutionProperties) = preSolution
		HideSolutionNode = FALSE
	EndGlobalSection
	GlobalSection(ExtensibilityGlobals) = postSolution
		SolutionGuid = {B7496B38-B75D-4638-9E87-0A92A4D09511}
	EndGlobalSection
EndGlobal
