
Microsoft Visual Studio Solution File, Format Version 12.00
# Visual Studio Version 16
VisualStudioVersion = 16.0.32413.511
MinimumVisualStudioVersion = 10.0.40219.1
Project("{FAE04EC0-301F-11D3-BF4B-00C04F79EFBC}") = "AzureWebApplication", "AzureWebApplication\AzureWebApplication.csproj", "{39004EC6-3ACE-4781-8584-8D843105B7F5}"
EndProject
Global
	GlobalSection(SolutionConfigurationPlatforms) = preSolution
		Debug|Any CPU = Debug|Any CPU
		Release|Any CPU = Release|Any CPU
	EndGlobalSection
	GlobalSection(ProjectConfigurationPlatforms) = postSolution
		{39004EC6-3ACE-4781-8584-8D843105B7F5}.Debug|Any CPU.ActiveCfg = Debug|Any CPU
		{39004EC6-3ACE-4781-8584-8D843105B7F5}.Debug|Any CPU.Build.0 = Debug|Any CPU
		{39004EC6-3ACE-4781-8584-8D843105B7F5}.Release|Any CPU.ActiveCfg = Release|Any CPU
		{39004EC6-3ACE-4781-8584-8D843105B7F5}.Release|Any CPU.Build.0 = Release|Any CPU
	EndGlobalSection
	GlobalSection(SolutionProperties) = preSolution
		HideSolutionNode = FALSE
	EndGlobalSection
	GlobalSection(ExtensibilityGlobals) = postSolution
		SolutionGuid = {FF86F538-B028-46F9-B062-BE7C1DE5E84E}
	EndGlobalSection
EndGlobal
