
Microsoft Visual Studio Solution File, Format Version 12.00
# Visual Studio Version 17
VisualStudioVersion = 17.0.32126.317
MinimumVisualStudioVersion = 10.0.40219.1
Project("{FAE04EC0-301F-11D3-BF4B-00C04F79EFBC}") = "CustomerOrderService", "CustomerOrderService\CustomerOrderService.csproj", "{6AAB5C22-EC97-408F-9347-DFD8A42085C3}"
EndProject
Project("{FAE04EC0-301F-11D3-BF4B-00C04F79EFBC}") = "CustomerOrderServiceTesting", "..\CustomerOrderServiceTesting\CustomerOrderServiceTesting.csproj", "{ECBD2A5C-493E-460C-8499-54964E33E818}"
EndProject
Global
	GlobalSection(SolutionConfigurationPlatforms) = preSolution
		Debug|Any CPU = Debug|Any CPU
		Release|Any CPU = Release|Any CPU
	EndGlobalSection
	GlobalSection(ProjectConfigurationPlatforms) = postSolution
		{6AAB5C22-EC97-408F-9347-DFD8A42085C3}.Debug|Any CPU.ActiveCfg = Debug|Any CPU
		{6AAB5C22-EC97-408F-9347-DFD8A42085C3}.Debug|Any CPU.Build.0 = Debug|Any CPU
		{6AAB5C22-EC97-408F-9347-DFD8A42085C3}.Release|Any CPU.ActiveCfg = Release|Any CPU
		{6AAB5C22-EC97-408F-9347-DFD8A42085C3}.Release|Any CPU.Build.0 = Release|Any CPU
		{ECBD2A5C-493E-460C-8499-54964E33E818}.Debug|Any CPU.ActiveCfg = Debug|Any CPU
		{ECBD2A5C-493E-460C-8499-54964E33E818}.Debug|Any CPU.Build.0 = Debug|Any CPU
		{ECBD2A5C-493E-460C-8499-54964E33E818}.Release|Any CPU.ActiveCfg = Release|Any CPU
		{ECBD2A5C-493E-460C-8499-54964E33E818}.Release|Any CPU.Build.0 = Release|Any CPU
	EndGlobalSection
	GlobalSection(SolutionProperties) = preSolution
		HideSolutionNode = FALSE
	EndGlobalSection
	GlobalSection(ExtensibilityGlobals) = postSolution
		SolutionGuid = {F698541C-F3C7-4E1C-A62F-6B48E56C24D9}
	EndGlobalSection
EndGlobal
