
Microsoft Visual Studio Solution File, Format Version 12.00
# Visual Studio Version 17
VisualStudioVersion = 17.0.32126.317
MinimumVisualStudioVersion = 10.0.40219.1
Project("{FAE04EC0-301F-11D3-BF4B-00C04F79EFBC}") = "Web_API_Project", "Web_API_Project\Web_API_Project.csproj", "{706AAAC6-1B5B-47F2-A626-60ECAB88FEED}"
EndProject
Global
	GlobalSection(SolutionConfigurationPlatforms) = preSolution
		Debug|Any CPU = Debug|Any CPU
		Release|Any CPU = Release|Any CPU
	EndGlobalSection
	GlobalSection(ProjectConfigurationPlatforms) = postSolution
		{706AAAC6-1B5B-47F2-A626-60ECAB88FEED}.Debug|Any CPU.ActiveCfg = Debug|Any CPU
		{706AAAC6-1B5B-47F2-A626-60ECAB88FEED}.Debug|Any CPU.Build.0 = Debug|Any CPU
		{706AAAC6-1B5B-47F2-A626-60ECAB88FEED}.Release|Any CPU.ActiveCfg = Release|Any CPU
		{706AAAC6-1B5B-47F2-A626-60ECAB88FEED}.Release|Any CPU.Build.0 = Release|Any CPU
	EndGlobalSection
	GlobalSection(SolutionProperties) = preSolution
		HideSolutionNode = FALSE
	EndGlobalSection
	GlobalSection(ExtensibilityGlobals) = postSolution
		SolutionGuid = {D25F6EA0-AC21-490B-A79F-3415923A9F31}
	EndGlobalSection
EndGlobal
