
Microsoft Visual Studio Solution File, Format Version 12.00
# Visual Studio Version 16
VisualStudioVersion = 16.0.32413.511
MinimumVisualStudioVersion = 10.0.40219.1
Project("{FAE04EC0-301F-11D3-BF4B-00C04F79EFBC}") = "Linq_Practice", "Linq_Practice\Linq_Practice.csproj", "{A42A6353-A278-4FC0-958E-2DD42200177B}"
EndProject
Global
	GlobalSection(SolutionConfigurationPlatforms) = preSolution
		Debug|Any CPU = Debug|Any CPU
		Release|Any CPU = Release|Any CPU
	EndGlobalSection
	GlobalSection(ProjectConfigurationPlatforms) = postSolution
		{A42A6353-A278-4FC0-958E-2DD42200177B}.Debug|Any CPU.ActiveCfg = Debug|Any CPU
		{A42A6353-A278-4FC0-958E-2DD42200177B}.Debug|Any CPU.Build.0 = Debug|Any CPU
		{A42A6353-A278-4FC0-958E-2DD42200177B}.Release|Any CPU.ActiveCfg = Release|Any CPU
		{A42A6353-A278-4FC0-958E-2DD42200177B}.Release|Any CPU.Build.0 = Release|Any CPU
	EndGlobalSection
	GlobalSection(SolutionProperties) = preSolution
		HideSolutionNode = FALSE
	EndGlobalSection
	GlobalSection(ExtensibilityGlobals) = postSolution
		SolutionGuid = {0D614BE1-C5C7-4DB0-9E83-CC265673D746}
	EndGlobalSection
EndGlobal
